
Microsoft Visual Studio Solution File, Format Version 12.00
# Visual Studio 14
VisualStudioVersion = 14.0.25420.1
MinimumVisualStudioVersion = 10.0.40219.1
Project("{FAE04EC0-301F-11D3-BF4B-00C04F79EFBC}") = "IFBusTicketSystem.Web", "IFBusTicketSystem.Web\IFBusTicketSystem.Web.csproj", "{9BF59503-04FE-4A37-94EC-15CBBEB420B2}"
EndProject
Project("{2150E333-8FDC-42A3-9474-1A3956D46DE8}") = "Backend", "Backend", "{BB31D95E-127D-46B9-B730-FBF61F6759C0}"
EndProject
Project("{FAE04EC0-301F-11D3-BF4B-00C04F79EFBC}") = "IFBusTicketSystem.BL", "IFBusTicketSystem.BL\IFBusTicketSystem.BL.csproj", "{FD542285-7D22-47D6-98C9-430CC12A6117}"
EndProject
Project("{FAE04EC0-301F-11D3-BF4B-00C04F79EFBC}") = "IFBusTicketSystem.DAL", "IFBusTicketSystem.DAL\IFBusTicketSystem.DAL.csproj", "{5CA8B501-D49B-43A6-8A94-28CB952DD669}"
EndProject
Project("{2150E333-8FDC-42A3-9474-1A3956D46DE8}") = "Common", "Common", "{5B622355-00E2-4EB9-BB0A-B1A447F0A03D}"
EndProject
Project("{FAE04EC0-301F-11D3-BF4B-00C04F79EFBC}") = "IFBusTicketSystem.Foundation", "IFBusTicketSystem.Foundation\IFBusTicketSystem.Foundation.csproj", "{17454F3B-ECBF-46DC-93FA-3F8E5C93E8C8}"
EndProject
Project("{FAE04EC0-301F-11D3-BF4B-00C04F79EFBC}") = "IFBusTicketSystem.Auth", "IFBusTicketSystem.Auth\IFBusTicketSystem.Auth.csproj", "{04011424-D5E5-41E5-A19E-D478EC81AA29}"
EndProject
Project("{FAE04EC0-301F-11D3-BF4B-00C04F79EFBC}") = "IFBusTicketSystem.LiqPay", "IFBusTicketSystem.LiqPay\IFBusTicketSystem.LiqPay.csproj", "{057D8AE3-7511-4952-94F5-EABAF294027C}"
EndProject
Project("{2150E333-8FDC-42A3-9474-1A3956D46DE8}") = "Tests", "Tests", "{4DC4D445-101D-4234-AF8C-0F2B53021080}"
EndProject
Project("{FAE04EC0-301F-11D3-BF4B-00C04F79EFBC}") = "IFBusTicketSystem.UnitTests", "IFBusTicketSystem.UnitTests\IFBusTicketSystem.UnitTests.csproj", "{3F17B1FA-DC61-43BC-9140-7F8F381626B0}"
EndProject
Global
	GlobalSection(SolutionConfigurationPlatforms) = preSolution
		Debug|Any CPU = Debug|Any CPU
		Release|Any CPU = Release|Any CPU
	EndGlobalSection
	GlobalSection(ProjectConfigurationPlatforms) = postSolution
		{9BF59503-04FE-4A37-94EC-15CBBEB420B2}.Debug|Any CPU.ActiveCfg = Debug|Any CPU
		{9BF59503-04FE-4A37-94EC-15CBBEB420B2}.Debug|Any CPU.Build.0 = Debug|Any CPU
		{9BF59503-04FE-4A37-94EC-15CBBEB420B2}.Release|Any CPU.ActiveCfg = Release|Any CPU
		{9BF59503-04FE-4A37-94EC-15CBBEB420B2}.Release|Any CPU.Build.0 = Release|Any CPU
		{FD542285-7D22-47D6-98C9-430CC12A6117}.Debug|Any CPU.ActiveCfg = Debug|Any CPU
		{FD542285-7D22-47D6-98C9-430CC12A6117}.Debug|Any CPU.Build.0 = Debug|Any CPU
		{FD542285-7D22-47D6-98C9-430CC12A6117}.Release|Any CPU.ActiveCfg = Release|Any CPU
		{FD542285-7D22-47D6-98C9-430CC12A6117}.Release|Any CPU.Build.0 = Release|Any CPU
		{5CA8B501-D49B-43A6-8A94-28CB952DD669}.Debug|Any CPU.ActiveCfg = Debug|Any CPU
		{5CA8B501-D49B-43A6-8A94-28CB952DD669}.Debug|Any CPU.Build.0 = Debug|Any CPU
		{5CA8B501-D49B-43A6-8A94-28CB952DD669}.Release|Any CPU.ActiveCfg = Release|Any CPU
		{5CA8B501-D49B-43A6-8A94-28CB952DD669}.Release|Any CPU.Build.0 = Release|Any CPU
		{17454F3B-ECBF-46DC-93FA-3F8E5C93E8C8}.Debug|Any CPU.ActiveCfg = Debug|Any CPU
		{17454F3B-ECBF-46DC-93FA-3F8E5C93E8C8}.Debug|Any CPU.Build.0 = Debug|Any CPU
		{17454F3B-ECBF-46DC-93FA-3F8E5C93E8C8}.Release|Any CPU.ActiveCfg = Release|Any CPU
		{17454F3B-ECBF-46DC-93FA-3F8E5C93E8C8}.Release|Any CPU.Build.0 = Release|Any CPU
		{04011424-D5E5-41E5-A19E-D478EC81AA29}.Debug|Any CPU.ActiveCfg = Debug|Any CPU
		{04011424-D5E5-41E5-A19E-D478EC81AA29}.Debug|Any CPU.Build.0 = Debug|Any CPU
		{04011424-D5E5-41E5-A19E-D478EC81AA29}.Release|Any CPU.ActiveCfg = Release|Any CPU
		{04011424-D5E5-41E5-A19E-D478EC81AA29}.Release|Any CPU.Build.0 = Release|Any CPU
		{057D8AE3-7511-4952-94F5-EABAF294027C}.Debug|Any CPU.ActiveCfg = Debug|Any CPU
		{057D8AE3-7511-4952-94F5-EABAF294027C}.Debug|Any CPU.Build.0 = Debug|Any CPU
		{057D8AE3-7511-4952-94F5-EABAF294027C}.Release|Any CPU.ActiveCfg = Release|Any CPU
		{057D8AE3-7511-4952-94F5-EABAF294027C}.Release|Any CPU.Build.0 = Release|Any CPU
		{3F17B1FA-DC61-43BC-9140-7F8F381626B0}.Debug|Any CPU.ActiveCfg = Debug|Any CPU
		{3F17B1FA-DC61-43BC-9140-7F8F381626B0}.Debug|Any CPU.Build.0 = Debug|Any CPU
		{3F17B1FA-DC61-43BC-9140-7F8F381626B0}.Release|Any CPU.ActiveCfg = Release|Any CPU
		{3F17B1FA-DC61-43BC-9140-7F8F381626B0}.Release|Any CPU.Build.0 = Release|Any CPU
	EndGlobalSection
	GlobalSection(SolutionProperties) = preSolution
		HideSolutionNode = FALSE
	EndGlobalSection
	GlobalSection(NestedProjects) = preSolution
		{FD542285-7D22-47D6-98C9-430CC12A6117} = {BB31D95E-127D-46B9-B730-FBF61F6759C0}
		{5CA8B501-D49B-43A6-8A94-28CB952DD669} = {BB31D95E-127D-46B9-B730-FBF61F6759C0}
		{17454F3B-ECBF-46DC-93FA-3F8E5C93E8C8} = {5B622355-00E2-4EB9-BB0A-B1A447F0A03D}
		{04011424-D5E5-41E5-A19E-D478EC81AA29} = {5B622355-00E2-4EB9-BB0A-B1A447F0A03D}
		{057D8AE3-7511-4952-94F5-EABAF294027C} = {5B622355-00E2-4EB9-BB0A-B1A447F0A03D}
		{3F17B1FA-DC61-43BC-9140-7F8F381626B0} = {4DC4D445-101D-4234-AF8C-0F2B53021080}
	EndGlobalSection
EndGlobal
